schema: '2.0'
stages:
  download_and_process:
    cmd: python src/download_and_process.py
    deps:
    - path: src/config.py
      hash: md5
      md5: 50214e9b91c50efae3ce093addd876bf
      size: 787
    - path: src/download_and_process.py
      hash: md5
      md5: 5d35cc4c28efa5464c882daca3d8ff98
      size: 1841
    - path: src/utils.py
      hash: md5
      md5: 0e3cb3ae41782831a1f8ef33aaec7fb5
      size: 394
    outs:
    - path: data/processed
      hash: md5
      md5: a8cd1cb0c851f3771120c8db11682b94.dir
      size: 127190501
      nfiles: 12
    - path: data/raw
      hash: md5
      md5: 3e2f530722d9fc1a96c89443ebe744da.dir
      size: 15158142
      nfiles: 12
  prepare_data:
    cmd: python src/prepare_data.py
    deps:
    - path: src/config.py
      hash: md5
      md5: 50214e9b91c50efae3ce093addd876bf
      size: 787
    - path: src/prepare_data.py
      hash: md5
      md5: 828a38d54e96d0fc8b024b2a65e6f996
      size: 2645
    - path: src/utils.py
      hash: md5
      md5: 0e3cb3ae41782831a1f8ef33aaec7fb5
      size: 394
    outs:
    - path: results/sets_info.csv
      hash: md5
      md5: 5df12f9f2ecb77d2bf58c2f0700972f5
      size: 2739141
  pca_analysis:
    cmd: python src/pca_analysis.py
    deps:
    - path: src/config.py
      hash: md5
      md5: 50214e9b91c50efae3ce093addd876bf
      size: 787
    - path: src/pca_analysis.py
      hash: md5
      md5: fd107e4cf018fe1f4309c804e5315f8a
      size: 1162
    - path: src/utils.py
      hash: md5
      md5: 0e3cb3ae41782831a1f8ef33aaec7fb5
      size: 394
    outs:
    - path: results/pca_results.csv
      hash: md5
      md5: 8de23e68d08336ba16a4e80ea4c6005a
      size: 1322167
  plot:
    cmd: python src/plot.py
    deps:
    - path: src/config.py
      hash: md5
      md5: 50214e9b91c50efae3ce093addd876bf
      size: 787
    - path: src/plot.py
      hash: md5
      md5: a07198b58881cd3378ffa89a0332b797
      size: 6998
    - path: src/utils.py
      hash: md5
      md5: 0e3cb3ae41782831a1f8ef33aaec7fb5
      size: 394
    outs:
    - path: plots
      hash: md5
      md5: d5bbbba75c246355c9a294da0bc2b31d.dir
      size: 355491
      nfiles: 5
  p_colors:
    cmd: python src/p_colors.py
    deps:
    - path: src/config.py
      hash: md5
      md5: 50214e9b91c50efae3ce093addd876bf
      size: 787
    - path: src/p_colors.py
      hash: md5
      md5: a1ec078fd66771859d3ec96167ce2c20
      size: 2598
    - path: src/utils.py
      hash: md5
      md5: 0e3cb3ae41782831a1f8ef33aaec7fb5
      size: 394
    outs:
    - path: results/green_sets_result.csv
      hash: md5
      md5: 05b1977a4b69f1fb8b10d434986c37bd
      size: 3829410
